
Microsoft Visual Studio Solution File, Format Version 12.00
# Visual Studio Version 17
VisualStudioVersion = 17.0.31903.59
MinimumVisualStudioVersion = 10.0.40219.1
Project("{FAE04EC0-301F-11D3-BF4B-00C04F79EFBC}") = "juego-del-gato-wpf", "juego-del-gato-wpf\juego-del-gato-wpf.csproj", "{ECD93B68-D3E9-4505-B664-170FE09723A1}"
EndProject
Global
	GlobalSection(SolutionConfigurationPlatforms) = preSolution
		Debug|Any CPU = Debug|Any CPU
		Release|Any CPU = Release|Any CPU
	EndGlobalSection
	GlobalSection(ProjectConfigurationPlatforms) = postSolution
		{ECD93B68-D3E9-4505-B664-170FE09723A1}.Debug|Any CPU.ActiveCfg = Debug|Any CPU
		{ECD93B68-D3E9-4505-B664-170FE09723A1}.Debug|Any CPU.Build.0 = Debug|Any CPU
		{ECD93B68-D3E9-4505-B664-170FE09723A1}.Release|Any CPU.ActiveCfg = Release|Any CPU
		{ECD93B68-D3E9-4505-B664-170FE09723A1}.Release|Any CPU.Build.0 = Release|Any CPU
	EndGlobalSection
	GlobalSection(SolutionProperties) = preSolution
		HideSolutionNode = FALSE
	EndGlobalSection
	GlobalSection(ExtensibilityGlobals) = postSolution
		SolutionGuid = {1E7763FD-BD09-44AD-BCDD-C73236E9B906}
	EndGlobalSection
EndGlobal
